<?xml version="1.0" encoding="utf-8"?>
<Project ToolsVersion="4.0" xmlns="http://schemas.microsoft.com/developer/msbuild/2003">
  <ItemGroup>
    <Filter Include="Forge">
      <UniqueIdentifier>{1884300D-8498-58BE-4D1A-FC1DB9ED54EF}</UniqueIdentifier>
    </Filter>
    <Filter Include="Forge\Events">
      <UniqueIdentifier>{FCA4953A-E807-25DF-918D-5D957DCFF061}</UniqueIdentifier>
    </Filter>
    <Filter Include="Forge\Platform">
      <UniqueIdentifier>{6CDBB052-58A9-A458-413D-157F2DAA80BD}</UniqueIdentifier>
    </Filter>
    <Filter Include="Forge\Platform\Windows">
      <UniqueIdentifier>{A631E921-922B-1274-7B98-A884673178E0}</UniqueIdentifier>
    </Filter>
  </ItemGroup>
  <ItemGroup>
    <ClInclude Include="src\Forge.h" />
    <ClInclude Include="src\Forge\Application.h">
      <Filter>Forge</Filter>
    </ClInclude>
    <ClInclude Include="src\Forge\Core.h">
      <Filter>Forge</Filter>
    </ClInclude>
    <ClInclude Include="src\Forge\EntryPoint.h">
      <Filter>Forge</Filter>
    </ClInclude>
    <ClInclude Include="src\Forge\Events\ApplicationEvent.h">
      <Filter>Forge\Events</Filter>
    </ClInclude>
    <ClInclude Include="src\Forge\Events\Event.h">
      <Filter>Forge\Events</Filter>
    </ClInclude>
    <ClInclude Include="src\Forge\Events\KeyEvent.h">
      <Filter>Forge\Events</Filter>
    </ClInclude>
    <ClInclude Include="src\Forge\Events\MouseEvent.h">
      <Filter>Forge\Events</Filter>
    </ClInclude>
    <ClInclude Include="src\Forge\Layer.h">
      <Filter>Forge</Filter>
    </ClInclude>
    <ClInclude Include="src\Forge\LayerStack.h">
      <Filter>Forge</Filter>
    </ClInclude>
    <ClInclude Include="src\Forge\Log.h">
      <Filter>Forge</Filter>
    </ClInclude>
    <ClInclude Include="src\Forge\Window.h">
      <Filter>Forge</Filter>
    </ClInclude>
    <ClInclude Include="src\fepch.h" />
    <ClInclude Include="src\Platform\Windows\WindowsWindow.h">
      <Filter>Forge\Platform\Windows</Filter>
    </ClInclude>
  </ItemGroup>
  <ItemGroup>
    <ClCompile Include="src\Forge\Application.cpp">
      <Filter>Forge</Filter>
    </ClCompile>
    <ClCompile Include="src\Forge\Layer.cpp">
      <Filter>Forge</Filter>
    </ClCompile>
    <ClCompile Include="src\Forge\LayerStack.cpp">
      <Filter>Forge</Filter>
    </ClCompile>
    <ClCompile Include="src\Forge\Log.cpp">
      <Filter>Forge</Filter>
    </ClCompile>
    <ClCompile Include="src\fepch.cpp" />
    <ClCompile Include="src\Platform\Windows\WindowsWindow.cpp">
      <Filter>Forge\Platform\Windows</Filter>
    </ClCompile>
  </ItemGroup>
</Project>